{
  "name": "Intranet-projekt",
  "lockfileVersion": 3,
  "requires": true,
  "packages": {
    "": {
      "devDependencies": {
        "@types/validator": "^13.11.10"
      }
    },
    "node_modules/@types/validator": {
      "version": "13.11.10",
      "resolved": "https://registry.npmjs.org/@types/validator/-/validator-13.11.10.tgz",
      "integrity": "sha512-e2PNXoXLr6Z+dbfx5zSh9TRlXJrELycxiaXznp4S5+D2M3b9bqJEitNHA5923jhnB2zzFiZHa2f0SI1HoIahpg==",
      "dev": true
    }
  }
}
